
Microsoft Visual Studio Solution File, Format Version 12.00
# Visual Studio 15
Project("{FAE04EC0-301F-11D3-BF4B-00C04F79EFBC}") = "ColorSwitchGame", "ColorSwitchGame.csproj", "{DB549C16-C2BF-AD85-9D3D-051504B23A36}"
EndProject
Global
	GlobalSection(SolutionConfigurationPlatforms) = preSolution
		Debug|Any CPU = Debug|Any CPU
		Release|Any CPU = Release|Any CPU
	EndGlobalSection
	GlobalSection(ProjectConfigurationPlatforms) = postSolution
		{DB549C16-C2BF-AD85-9D3D-051504B23A36}.Debug|Any CPU.ActiveCfg = Debug|Any CPU
		{DB549C16-C2BF-AD85-9D3D-051504B23A36}.Debug|Any CPU.Build.0 = Debug|Any CPU
		{DB549C16-C2BF-AD85-9D3D-051504B23A36}.Release|Any CPU.ActiveCfg = Release|Any CPU
		{DB549C16-C2BF-AD85-9D3D-051504B23A36}.Release|Any CPU.Build.0 = Release|Any CPU
	EndGlobalSection
	GlobalSection(SolutionProperties) = preSolution
		HideSolutionNode = FALSE
	EndGlobalSection
EndGlobal
